PODS:
  - AFNetworking (2.6.3):
    - AFNetworking/NSURLConnection (= 2.6.3)
    - AFNetworking/NSURLSession (= 2.6.3)
    - AFNetworking/Reachability (= 2.6.3)
    - AFNetworking/Security (= 2.6.3)
    - AFNetworking/Serialization (= 2.6.3)
    - AFNetworking/UIKit (= 2.6.3)
  - AFNetworking/NSURLConnection (2.6.3):
    - AFNetworking/Reachability
    - AFNetworking/Security
    - AFNetworking/Serialization
  - AFNetworking/NSURLSession (2.6.3):
    - AFNetworking/Reachability
    - AFNetworking/Security
    - AFNetworking/Serialization
  - AFNetworking/Reachability (2.6.3)
  - AFNetworking/Security (2.6.3)
  - AFNetworking/Serialization (2.6.3)
  - AFNetworking/UIKit (2.6.3):
    - AFNetworking/NSURLConnection
    - AFNetworking/NSURLSession
  - AMPopTip (1.3.0)
  - Bolts/Tasks (1.8.4)
  - CocoaAsyncSocket (7.5.0):
    - CocoaAsyncSocket/GCD (= 7.5.0)
  - CocoaAsyncSocket/GCD (7.5.0)
  - CocoaHTTPServer (2.3):
    - CocoaAsyncSocket
    - CocoaLumberjack
  - CocoaLumberjack (1.7.0):
    - CocoaLumberjack/Core (= 1.7.0)
    - CocoaLumberjack/Extensions (= 1.7.0)
  - CocoaLumberjack/Core (1.7.0)
  - CocoaLumberjack/Extensions (1.7.0):
    - CocoaLumberjack/Core
  - DAKeyboardControl (2.4.0)
  - DateTools (1.7.0)
  - DCAnimationKit (0.0.6)
  - DTCoreText (1.6.17):
    - DTFoundation/Core (~> 1.7.5)
    - DTFoundation/DTAnimatedGIF (~> 1.7.5)
    - DTFoundation/DTHTMLParser (~> 1.7.5)
    - DTFoundation/UIKit (~> 1.7.5)
  - DTFoundation/Core (1.7.11)
  - DTFoundation/DTAnimatedGIF (1.7.11)
  - DTFoundation/DTHTMLParser (1.7.11):
    - DTFoundation/Core
  - DTFoundation/UIKit (1.7.11):
    - DTFoundation/Core
  - Expecta (0.3.2)
  - FXImageView (1.3.5)
  - IQKeyboardManager (4.0.8)
  - JHChainableAnimations (1.3.0)
  - MaryPopin (1.4.2)
  - MZAppearance (1.1.6)
  - MZFormSheetController (3.1.3):
    - MZAppearance
    - MZFormSheetController/Core (= 3.1.3)
  - MZFormSheetController/Core (3.1.3):
    - MZAppearance
  - OCMock (3.3.1)
  - Parse (1.14.2):
    - Bolts/Tasks (~> 1.8)
  - Reachability (3.1.1)
  - RKDropdownAlert (0.3.0)
  - Specta (0.2.1)
  - UIColor+Hex (1.0.1):
    - UIColor+Hex/NSColor (= 1.0.1)
    - UIColor+Hex/UIColor (= 1.0.1)
  - UIColor+Hex/UIColor (1.0.1)
  - VKFoundation (0.1.1):
    - CocoaLumberjack (~> 1.7.0)
    - DTCoreText (~> 1.6.11)
    - FXImageView (~> 1.3.3)
    - Reachability (~> 3.1.1)
  - XCDYouTubeKit (2.5.3)

DEPENDENCIES:
  - AFNetworking (~> 2.4)
  - AMPopTip
  - CocoaHTTPServer
  - CocoaLumberjack (~> 1.7.0)
  - DAKeyboardControl
  - DateTools
  - DCAnimationKit
  - DTCoreText (~> 1.6.11)
  - Expecta (~> 0.3.0)
  - IQKeyboardManager
  - JHChainableAnimations
  - MaryPopin
  - MZAppearance
  - MZFormSheetController
  - OCMock
  - Parse
  - RKDropdownAlert
  - Specta (~> 0.2.1)
  - UIColor+Hex
  - VKFoundation (= 0.1.1)
  - XCDYouTubeKit (~> 2.5)

SPEC CHECKSUMS:
  AFNetworking: cb8d14a848e831097108418f5d49217339d4eb60
  AMPopTip: b810a33c120feacafce170cc9ddcaa8ce3a8389d
  Bolts: 8a7995239dbe724f9cba2248b766d48b7ebdd322
  CocoaAsyncSocket: 3baeb1ddd969f81cf9fca81053ae49ef2d1cbbfa
  CocoaHTTPServer: 5624681fc3473d43b18202f635f9b3abb013b530
  CocoaLumberjack: a2213b8410917a1a5ecfc5c63a4206edc24d3a5b
  DAKeyboardControl: 9d9bca22a5cc3c1d3cc61e24fbd208c3e84a3d2d
  DateTools: 53288ee8b905fdc75897a1e6b5cc0144b14cba60
  DCAnimationKit: 7133bef877ce1aa113dcfeea1380ca67f91f7608
  DTCoreText: 3ea8bba23dd2141ba18adb227a7dd33a822df1c4
  DTFoundation: 0ef29c70a9814e15518694862bd739347abe2a50
  Expecta: 8c507baf13211207b1e9d0a741480600e6b4ed15
  FXImageView: 7d84722b37f0afea9a64f12fdd4a6c7f9ecc4b16
  IQKeyboardManager: 1a8189fa153bf09044355ee0ad36826f6767e7f7
  JHChainableAnimations: 22085fcb04ca87349e584573558e637f659fd769
  MaryPopin: 24affc7fab9608dcad88279e32e774e5de5d54ac
  MZAppearance: 0c06d3fa9cc55142f1da14bc8631fbe8fd6e19d5
  MZFormSheetController: da2df509805d757e04b052915057d8e1a338b050
  OCMock: f3f61e6eaa16038c30caa5798c5e49d3307b6f22
  Parse: 4335d65f40cb3d43190d723144bbe1afb9c38230
  Reachability: dd9aa4fb6667b9f787690a74f53cb7634ce99893
  RKDropdownAlert: f4b3364c251829ad439dc666836a1f2dad26f4c7
  Specta: 15a276a6343867b426d5ed135d5aa4d04123a573
  UIColor+Hex: 9fee91bb8e19f17dd40a79ae1e98949a6a84489d
  VKFoundation: a3d26de016870f705a256c5c6dbab57865c4e99a
  XCDYouTubeKit: 90690f9e3523735dc93b8024269d991b0cfffe78

PODFILE CHECKSUM: e42cccd0e1ead1a01a4e6b8f50e3358ac0234a34

COCOAPODS: 1.3.1
